{
  "originHash" : "fb0bfed1413192cdcafb39175bceb0ca4d8820c1d34fd9f5f65132bb20b23fcc",
  "pins" : [
    {
      "identity" : "metalcompilerplugin",
      "kind" : "remoteSourceControl",
      "location" : "https://github.com/schwa/MetalCompilerPlugin",
      "state" : {
        "branch" : "main",
        "revision" : "355c6a482d2b64b8695c00df2baaaa833d1c66e1"
      }
    },
    {
      "identity" : "swift-argument-parser",
      "kind" : "remoteSourceControl",
      "location" : "https://github.com/apple/swift-argument-parser.git",
      "state" : {
        "revision" : "c5d11a805e765f52ba34ec7284bd4fcd6ba68615",
        "version" : "1.7.0"
      }
    }
  ],
  "version" : 3
}
